
Microsoft Visual Studio Solution File, Format Version 12.00
# Visual Studio 2012
Project("{E24C65DC-7377-472B-9ABA-BC803B73C61A}") = "4. Homework SASS", ".", "{3C60FC7A-ABA7-4647-A32E-AC64AF61F18B}"
	ProjectSection(WebsiteProperties) = preProject
		TargetFrameworkMoniker = ".NETFramework,Version%3Dv4.5"
		Debug.AspNetCompiler.VirtualPath = "/4. Homework SASS"
		Debug.AspNetCompiler.PhysicalPath = "..\4. Homework SASS\"
		Debug.AspNetCompiler.TargetPath = "PrecompiledWeb\4. Homework SASS\"
		Debug.AspNetCompiler.Updateable = "true"
		Debug.AspNetCompiler.ForceOverwrite = "true"
		Debug.AspNetCompiler.FixedNames = "false"
		Debug.AspNetCompiler.Debug = "True"
		Release.AspNetCompiler.VirtualPath = "/4. Homework SASS"
		Release.AspNetCompiler.PhysicalPath = "..\4. Homework SASS\"
		Release.AspNetCompiler.TargetPath = "PrecompiledWeb\4. Homework SASS\"
		Release.AspNetCompiler.Updateable = "true"
		Release.AspNetCompiler.ForceOverwrite = "true"
		Release.AspNetCompiler.FixedNames = "false"
		Release.AspNetCompiler.Debug = "False"
		VWDPort = "64272"
	EndProjectSection
EndProject
Global
	GlobalSection(SolutionConfigurationPlatforms) = preSolution
		Debug|Any CPU = Debug|Any CPU
		NoDebug|Any CPU = NoDebug|Any CPU
	EndGlobalSection
	GlobalSection(ProjectConfigurationPlatforms) = postSolution
		{3C60FC7A-ABA7-4647-A32E-AC64AF61F18B}.Debug|Any CPU.ActiveCfg = Debug|Any CPU
		{3C60FC7A-ABA7-4647-A32E-AC64AF61F18B}.Debug|Any CPU.Build.0 = Debug|Any CPU
		{3C60FC7A-ABA7-4647-A32E-AC64AF61F18B}.NoDebug|Any CPU.ActiveCfg = Debug|Any CPU
		{3C60FC7A-ABA7-4647-A32E-AC64AF61F18B}.NoDebug|Any CPU.Build.0 = Debug|Any CPU
	EndGlobalSection
	GlobalSection(SolutionProperties) = preSolution
		HideSolutionNode = FALSE
	EndGlobalSection
EndGlobal
